<Solution>
  <Folder Name="/Solution Items/">
    <File Path=".editorconfig" />
    <File Path="Directory.Build.props" />
  </Folder>
  <Folder Name="/Solution Items/Pipelines/">
    <File Path=".github/workflows/publish-packages.yml" />
  </Folder>
  <Folder Name="/Solution Items/Pipelines/ReusableWorkflows/">
    <File Path=".github/workflows/reusable-build.yml" />
    <File Path=".github/workflows/reusable-pack.yml" />
    <File Path=".github/workflows/reusable-unit-tests.yml" />
  </Folder>
  <Folder Name="/src/">
    <Project Path="src/Nullnes.Labs.Result.Abstractions/Nullnes.Labs.Result.Abstractions.csproj" Type="Classic C#" />
    <Project Path="src/Nullnes.Labs.Result.Errors/Nullnes.Labs.Result.Errors.csproj" Type="Classic C#" />
    <Project Path="src/Nullnes.Labs.Result/Nullnes.Labs.Result.csproj" Type="Classic C#" />
  </Folder>
  <Folder Name="/tests/">
    <Project Path="tests/Nullnes.Labs.Result.Tests/Nullnes.Labs.Result.Tests.csproj" Type="Classic C#" />
  </Folder>
</Solution>